
Microsoft Visual Studio Solution File, Format Version 12.00
# Visual Studio Version 16
VisualStudioVersion = 16.0.30804.86
MinimumVisualStudioVersion = 10.0.40219.1
Project("{9A19103F-16F7-4668-BE54-9A1E7A4F7556}") = "Sorter", "Sorter\Sorter.csproj", "{A747A3E6-72FD-48E8-9910-39DDCB9A0CD8}"
EndProject
Project("{FAE04EC0-301F-11D3-BF4B-00C04F79EFBC}") = "Sorter.UnitTests", "Sorter.UnitTests\Sorter.UnitTests.csproj", "{842ACF2B-6503-4E00-9781-23DADB9DD367}"
EndProject
Global
	GlobalSection(SolutionConfigurationPlatforms) = preSolution
		Debug|Any CPU = Debug|Any CPU
		Release|Any CPU = Release|Any CPU
	EndGlobalSection
	GlobalSection(ProjectConfigurationPlatforms) = postSolution
		{A747A3E6-72FD-48E8-9910-39DDCB9A0CD8}.Debug|Any CPU.ActiveCfg = Debug|Any CPU
		{A747A3E6-72FD-48E8-9910-39DDCB9A0CD8}.Debug|Any CPU.Build.0 = Debug|Any CPU
		{A747A3E6-72FD-48E8-9910-39DDCB9A0CD8}.Release|Any CPU.ActiveCfg = Release|Any CPU
		{A747A3E6-72FD-48E8-9910-39DDCB9A0CD8}.Release|Any CPU.Build.0 = Release|Any CPU
		{842ACF2B-6503-4E00-9781-23DADB9DD367}.Debug|Any CPU.ActiveCfg = Debug|Any CPU
		{842ACF2B-6503-4E00-9781-23DADB9DD367}.Debug|Any CPU.Build.0 = Debug|Any CPU
		{842ACF2B-6503-4E00-9781-23DADB9DD367}.Release|Any CPU.ActiveCfg = Release|Any CPU
		{842ACF2B-6503-4E00-9781-23DADB9DD367}.Release|Any CPU.Build.0 = Release|Any CPU
	EndGlobalSection
	GlobalSection(SolutionProperties) = preSolution
		HideSolutionNode = FALSE
	EndGlobalSection
	GlobalSection(ExtensibilityGlobals) = postSolution
		SolutionGuid = {5577C50E-8E02-4C2F-AB29-4CBEA6BD7FEC}
	EndGlobalSection
EndGlobal
